// !$*UTF8*$!
{
	archiveVersion = 1;
	classes = {
	};
	objectVersion = 46;
	objects = {

/* Begin PBXBuildFile section */
		536B8E3690DD43E89CFB18F7 /* libPods-PopTipDemoTests.a in Frameworks */ = {isa = PBXBuildFile; fileRef = 1E7FDD55A0D748C79E71BDE9 /* libPods-PopTipDemoTests.a */; };
		6512C8031B28CD1C002C9553 /* AMPopTip.m in Sources */ = {isa = PBXBuildFile; fileRef = 6512C7FB1B28CD1C002C9553 /* AMPopTip.m */; };
		6512C8041B28CD1C002C9553 /* AMPopTip+Animation.m in Sources */ = {isa = PBXBuildFile; fileRef = 6512C7FD1B28CD1C002C9553 /* AMPopTip+Animation.m */; };
		6512C8051B28CD1C002C9553 /* AMPopTip+Draw.m in Sources */ = {isa = PBXBuildFile; fileRef = 6512C7FF1B28CD1C002C9553 /* AMPopTip+Draw.m */; };
		6512C8061B28CD1C002C9553 /* AMPopTip+Entrance.m in Sources */ = {isa = PBXBuildFile; fileRef = 6512C8011B28CD1C002C9553 /* AMPopTip+Entrance.m */; };
		65B37B8C1A16099F00C46D11 /* Launch Screen.xib in Resources */ = {isa = PBXBuildFile; fileRef = 65B37B8B1A16099F00C46D11 /* Launch Screen.xib */; };
		65CC5729196FF827001B189F /* Foundation.framework in Frameworks */ = {isa = PBXBuildFile; fileRef = 65CC5728196FF827001B189F /* Foundation.framework */; };
		65CC572B196FF827001B189F /* CoreGraphics.framework in Frameworks */ = {isa = PBXBuildFile; fileRef = 65CC572A196FF827001B189F /* CoreGraphics.framework */; };
		65CC572D196FF827001B189F /* UIKit.framework in Frameworks */ = {isa = PBXBuildFile; fileRef = 65CC572C196FF827001B189F /* UIKit.framework */; };
		65CC5733196FF827001B189F /* InfoPlist.strings in Resources */ = {isa = PBXBuildFile; fileRef = 65CC5731196FF827001B189F /* InfoPlist.strings */; };
		65CC5735196FF827001B189F /* main.m in Sources */ = {isa = PBXBuildFile; fileRef = 65CC5734196FF827001B189F /* main.m */; };
		65CC5739196FF827001B189F /* AMAppDelegate.m in Sources */ = {isa = PBXBuildFile; fileRef = 65CC5738196FF827001B189F /* AMAppDelegate.m */; };
		65CC573C196FF827001B189F /* Main.storyboard in Resources */ = {isa = PBXBuildFile; fileRef = 65CC573A196FF827001B189F /* Main.storyboard */; };
		65CC573F196FF827001B189F /* AMViewController.m in Sources */ = {isa = PBXBuildFile; fileRef = 65CC573E196FF827001B189F /* AMViewController.m */; };
		65CC5741196FF827001B189F /* Images.xcassets in Resources */ = {isa = PBXBuildFile; fileRef = 65CC5740196FF827001B189F /* Images.xcassets */; };
		65CC5748196FF827001B189F /* XCTest.framework in Frameworks */ = {isa = PBXBuildFile; fileRef = 65CC5747196FF827001B189F /* XCTest.framework */; };
		65CC5749196FF827001B189F /* Foundation.framework in Frameworks */ = {isa = PBXBuildFile; fileRef = 65CC5728196FF827001B189F /* Foundation.framework */; };
		65CC574A196FF827001B189F /* UIKit.framework in Frameworks */ = {isa = PBXBuildFile; fileRef = 65CC572C196FF827001B189F /* UIKit.framework */; };
		65CC5752196FF827001B189F /* InfoPlist.strings in Resources */ = {isa = PBXBuildFile; fileRef = 65CC5750196FF827001B189F /* InfoPlist.strings */; };
		65CC5754196FF827001B189F /* PopTipDemoTests.m in Sources */ = {isa = PBXBuildFile; fileRef = 65CC5753196FF827001B189F /* PopTipDemoTests.m */; };
/* End PBXBuildFile section */

/* Begin PBXContainerItemProxy section */
		65CC574B196FF827001B189F /* PBXContainerItemProxy */ = {
			isa = PBXContainerItemProxy;
			containerPortal = 65CC571D196FF827001B189F /* Project object */;
			proxyType = 1;
			remoteGlobalIDString = 65CC5724196FF827001B189F;
			remoteInfo = PopTipDemo;
		};
/* End PBXContainerItemProxy section */

/* Begin PBXFileReference section */
		1E7FDD55A0D748C79E71BDE9 /* libPods-PopTipDemoTests.a */ = {isa = PBXFileReference; explicitFileType = archive.ar; includeInIndex = 0; path = "libPods-PopTipDemoTests.a"; sourceTree = BUILT_PRODUCTS_DIR; };
		59550C8E7F4B0B2D105644A6 /* Pods-PopTipDemoTests.debug.xcconfig */ = {isa = PBXFileReference; includeInIndex = 1; lastKnownFileType = text.xcconfig; name = "Pods-PopTipDemoTests.debug.xcconfig"; path = "Pods/Target Support Files/Pods-PopTipDemoTests/Pods-PopTipDemoTests.debug.xcconfig"; sourceTree = "<group>"; };
		5C04DF571D8C15017CCBC289 /* Pods-PopTipDemoTests.release.xcconfig */ = {isa = PBXFileReference; includeInIndex = 1; lastKnownFileType = text.xcconfig; name = "Pods-PopTipDemoTests.release.xcconfig"; path = "Pods/Target Support Files/Pods-PopTipDemoTests/Pods-PopTipDemoTests.release.xcconfig"; sourceTree = "<group>"; };
		6512C7FA1B28CD1C002C9553 /* AMPopTip.h */ = {isa = PBXFileReference; fileEncoding = 4; lastKnownFileType = sourcecode.c.h; name = AMPopTip.h; path = ../Source/AMPopTip.h; sourceTree = "<group>"; };
		6512C7FB1B28CD1C002C9553 /* AMPopTip.m */ = {isa = PBXFileReference; fileEncoding = 4; lastKnownFileType = sourcecode.c.objc; name = AMPopTip.m; path = ../Source/AMPopTip.m; sourceTree = "<group>"; };
		6512C7FC1B28CD1C002C9553 /* AMPopTip+Animation.h */ = {isa = PBXFileReference; fileEncoding = 4; lastKnownFileType = sourcecode.c.h; name = "AMPopTip+Animation.h"; path = "../Source/AMPopTip+Animation.h"; sourceTree = "<group>"; };
		6512C7FD1B28CD1C002C9553 /* AMPopTip+Animation.m */ = {isa = PBXFileReference; fileEncoding = 4; lastKnownFileType = sourcecode.c.objc; name = "AMPopTip+Animation.m"; path = "../Source/AMPopTip+Animation.m"; sourceTree = "<group>"; };
		6512C7FE1B28CD1C002C9553 /* AMPopTip+Draw.h */ = {isa = PBXFileReference; fileEncoding = 4; lastKnownFileType = sourcecode.c.h; name = "AMPopTip+Draw.h"; path = "../Source/AMPopTip+Draw.h"; sourceTree = "<group>"; };
		6512C7FF1B28CD1C002C9553 /* AMPopTip+Draw.m */ = {isa = PBXFileReference; fileEncoding = 4; lastKnownFileType = sourcecode.c.objc; name = "AMPopTip+Draw.m"; path = "../Source/AMPopTip+Draw.m"; sourceTree = "<group>"; };
		6512C8001B28CD1C002C9553 /* AMPopTip+Entrance.h */ = {isa = PBXFileReference; fileEncoding = 4; lastKnownFileType = sourcecode.c.h; name = "AMPopTip+Entrance.h"; path = "../Source/AMPopTip+Entrance.h"; sourceTree = "<group>"; };
		6512C8011B28CD1C002C9553 /* AMPopTip+Entrance.m */ = {isa = PBXFileReference; fileEncoding = 4; lastKnownFileType = sourcecode.c.objc; name = "AMPopTip+Entrance.m"; path = "../Source/AMPopTip+Entrance.m"; sourceTree = "<group>"; };
		6512C8021B28CD1C002C9553 /* AMPopTipDefaults.h */ = {isa = PBXFileReference; fileEncoding = 4; lastKnownFileType = sourcecode.c.h; name = AMPopTipDefaults.h; path = ../Source/AMPopTipDefaults.h; sourceTree = "<group>"; };
		65B37B8B1A16099F00C46D11 /* Launch Screen.xib */ = {isa = PBXFileReference; fileEncoding = 4; lastKnownFileType = file.xib; name = "Launch Screen.xib"; path = "../Launch Screen.xib"; sourceTree = "<group>"; };
		65CC5725196FF827001B189F /* PopTipDemo.app */ = {isa = PBXFileReference; explicitFileType = wrapper.application; includeInIndex = 0; path = PopTipDemo.app; sourceTree = BUILT_PRODUCTS_DIR; };
		65CC5728196FF827001B189F /* Foundation.framework */ = {isa = PBXFileReference; lastKnownFileType = wrapper.framework; name = Foundation.framework; path = System/Library/Frameworks/Foundation.framework; sourceTree = SDKROOT; };
		65CC572A196FF827001B189F /* CoreGraphics.framework */ = {isa = PBXFileReference; lastKnownFileType = wrapper.framework; name = CoreGraphics.framework; path = System/Library/Frameworks/CoreGraphics.framework; sourceTree = SDKROOT; };
		65CC572C196FF827001B189F /* UIKit.framework */ = {isa = PBXFileReference; lastKnownFileType = wrapper.framework; name = UIKit.framework; path = System/Library/Frameworks/UIKit.framework; sourceTree = SDKROOT; };
		65CC5730196FF827001B189F /* PopTipDemo-Info.plist */ = {isa = PBXFileReference; lastKnownFileType = text.plist.xml; path = "PopTipDemo-Info.plist"; sourceTree = "<group>"; };
		65CC5732196FF827001B189F /* en */ = {isa = PBXFileReference; lastKnownFileType = text.plist.strings; name = en; path = en.lproj/InfoPlist.strings; sourceTree = "<group>"; };
		65CC5734196FF827001B189F /* main.m */ = {isa = PBXFileReference; lastKnownFileType = sourcecode.c.objc; path = main.m; sourceTree = "<group>"; };
		65CC5736196FF827001B189F /* PopTipDemo-Prefix.pch */ = {isa = PBXFileReference; lastKnownFileType = sourcecode.c.h; path = "PopTipDemo-Prefix.pch"; sourceTree = "<group>"; };
		65CC5737196FF827001B189F /* AMAppDelegate.h */ = {isa = PBXFileReference; lastKnownFileType = sourcecode.c.h; path = AMAppDelegate.h; sourceTree = "<group>"; };
		65CC5738196FF827001B189F /* AMAppDelegate.m */ = {isa = PBXFileReference; lastKnownFileType = sourcecode.c.objc; path = AMAppDelegate.m; sourceTree = "<group>"; };
		65CC573B196FF827001B189F /* Base */ = {isa = PBXFileReference; lastKnownFileType = file.storyboard; name = Base; path = Base.lproj/Main.storyboard; sourceTree = "<group>"; };
		65CC573D196FF827001B189F /* AMViewController.h */ = {isa = PBXFileReference; lastKnownFileType = sourcecode.c.h; path = AMViewController.h; sourceTree = "<group>"; };
		65CC573E196FF827001B189F /* AMViewController.m */ = {isa = PBXFileReference; lastKnownFileType = sourcecode.c.objc; path = AMViewController.m; sourceTree = "<group>"; };
		65CC5740196FF827001B189F /* Images.xcassets */ = {isa = PBXFileReference; lastKnownFileType = folder.assetcatalog; path = Images.xcassets; sourceTree = "<group>"; };
		65CC5746196FF827001B189F /* PopTipDemoTests.xctest */ = {isa = PBXFileReference; explicitFileType = wrapper.cfbundle; includeInIndex = 0; path = PopTipDemoTests.xctest; sourceTree = BUILT_PRODUCTS_DIR; };
		65CC5747196FF827001B189F /* XCTest.framework */ = {isa = PBXFileReference; lastKnownFileType = wrapper.framework; name = XCTest.framework; path = Library/Frameworks/XCTest.framework; sourceTree = DEVELOPER_DIR; };
		65CC574F196FF827001B189F /* PopTipDemoTests-Info.plist */ = {isa = PBXFileReference; lastKnownFileType = text.plist.xml; path = "PopTipDemoTests-Info.plist"; sourceTree = "<group>"; };
		65CC5751196FF827001B189F /* en */ = {isa = PBXFileReference; lastKnownFileType = text.plist.strings; name = en; path = en.lproj/InfoPlist.strings; sourceTree = "<group>"; };
		65CC5753196FF827001B189F /* PopTipDemoTests.m */ = {isa = PBXFileReference; lastKnownFileType = sourcecode.c.objc; path = PopTipDemoTests.m; sourceTree = "<group>"; };
/* End PBXFileReference section */

/* Begin PBXFrameworksBuildPhase section */
		65CC5722196FF827001B189F /* Frameworks */ = {
			isa = PBXFrameworksBuildPhase;
			buildActionMask = 2147483647;
			files = (
				65CC572B196FF827001B189F /* CoreGraphics.framework in Frameworks */,
				65CC572D196FF827001B189F /* UIKit.framework in Frameworks */,
				65CC5729196FF827001B189F /* Foundation.framework in Frameworks */,
			);
			runOnlyForDeploymentPostprocessing = 0;
		};
		65CC5743196FF827001B189F /* Frameworks */ = {
			isa = PBXFrameworksBuildPhase;
			buildActionMask = 2147483647;
			files = (
				65CC5748196FF827001B189F /* XCTest.framework in Frameworks */,
				65CC574A196FF827001B189F /* UIKit.framework in Frameworks */,
				65CC5749196FF827001B189F /* Foundation.framework in Frameworks */,
				536B8E3690DD43E89CFB18F7 /* libPods-PopTipDemoTests.a in Frameworks */,
			);
			runOnlyForDeploymentPostprocessing = 0;
		};
/* End PBXFrameworksBuildPhase section */

/* Begin PBXGroup section */
		65CC571C196FF827001B189F = {
			isa = PBXGroup;
			children = (
				65CC572E196FF827001B189F /* PopTipDemo */,
				65CC574D196FF827001B189F /* PopTipDemoTests */,
				65CC5727196FF827001B189F /* Frameworks */,
				65CC5726196FF827001B189F /* Products */,
				F521037DA6E9F53D6AD46CC1 /* Pods */,
			);
			indentWidth = 4;
			sourceTree = "<group>";
			tabWidth = 4;
			usesTabs = 0;
		};
		65CC5726196FF827001B189F /* Products */ = {
			isa = PBXGroup;
			children = (
				65CC5725196FF827001B189F /* PopTipDemo.app */,
				65CC5746196FF827001B189F /* PopTipDemoTests.xctest */,
			);
			name = Products;
			sourceTree = "<group>";
		};
		65CC5727196FF827001B189F /* Frameworks */ = {
			isa = PBXGroup;
			children = (
				65CC5728196FF827001B189F /* Foundation.framework */,
				65CC572A196FF827001B189F /* CoreGraphics.framework */,
				65CC572C196FF827001B189F /* UIKit.framework */,
				65CC5747196FF827001B189F /* XCTest.framework */,
				1E7FDD55A0D748C79E71BDE9 /* libPods-PopTipDemoTests.a */,
			);
			name = Frameworks;
			sourceTree = "<group>";
		};
		65CC572E196FF827001B189F /* PopTipDemo */ = {
			isa = PBXGroup;
			children = (
				65CC575D196FF884001B189F /* AMPopTip */,
				65CC5737196FF827001B189F /* AMAppDelegate.h */,
				65CC5738196FF827001B189F /* AMAppDelegate.m */,
				65CC573A196FF827001B189F /* Main.storyboard */,
				65CC573D196FF827001B189F /* AMViewController.h */,
				65CC573E196FF827001B189F /* AMViewController.m */,
				65CC5740196FF827001B189F /* Images.xcassets */,
				65B37B8B1A16099F00C46D11 /* Launch Screen.xib */,
				65CC572F196FF827001B189F /* Supporting Files */,
			);
			path = PopTipDemo;
			sourceTree = "<group>";
		};
		65CC572F196FF827001B189F /* Supporting Files */ = {
			isa = PBXGroup;
			children = (
				65CC5730196FF827001B189F /* PopTipDemo-Info.plist */,
				65CC5731196FF827001B189F /* InfoPlist.strings */,
				65CC5734196FF827001B189F /* main.m */,
				65CC5736196FF827001B189F /* PopTipDemo-Prefix.pch */,
			);
			name = "Supporting Files";
			sourceTree = "<group>";
		};
		65CC574D196FF827001B189F /* PopTipDemoTests */ = {
			isa = PBXGroup;
			children = (
				65CC5753196FF827001B189F /* PopTipDemoTests.m */,
				65CC574E196FF827001B189F /* Supporting Files */,
			);
			path = PopTipDemoTests;
			sourceTree = "<group>";
		};
		65CC574E196FF827001B189F /* Supporting Files */ = {
			isa = PBXGroup;
			children = (
				65CC574F196FF827001B189F /* PopTipDemoTests-Info.plist */,
				65CC5750196FF827001B189F /* InfoPlist.strings */,
			);
			name = "Supporting Files";
			sourceTree = "<group>";
		};
		65CC575D196FF884001B189F /* AMPopTip */ = {
			isa = PBXGroup;
			children = (
				6512C7FA1B28CD1C002C9553 /* AMPopTip.h */,
				6512C7FB1B28CD1C002C9553 /* AMPopTip.m */,
				6512C7FC1B28CD1C002C9553 /* AMPopTip+Animation.h */,
				6512C7FD1B28CD1C002C9553 /* AMPopTip+Animation.m */,
				6512C7FE1B28CD1C002C9553 /* AMPopTip+Draw.h */,
				6512C7FF1B28CD1C002C9553 /* AMPopTip+Draw.m */,
				6512C8001B28CD1C002C9553 /* AMPopTip+Entrance.h */,
				6512C8011B28CD1C002C9553 /* AMPopTip+Entrance.m */,
				6512C8021B28CD1C002C9553 /* AMPopTipDefaults.h */,
			);
			name = AMPopTip;
			path = ../../AMPopTip;
			sourceTree = "<group>";
		};
		F521037DA6E9F53D6AD46CC1 /* Pods */ = {
			isa = PBXGroup;
			children = (
				59550C8E7F4B0B2D105644A6 /* Pods-PopTipDemoTests.debug.xcconfig */,
				5C04DF571D8C15017CCBC289 /* Pods-PopTipDemoTests.release.xcconfig */,
			);
			name = Pods;
			sourceTree = "<group>";
		};
/* End PBXGroup section */

/* Begin PBXNativeTarget section */
		65CC5724196FF827001B189F /* PopTipDemo */ = {
			isa = PBXNativeTarget;
			buildConfigurationList = 65CC5757196FF827001B189F /* Build configuration list for PBXNativeTarget "PopTipDemo" */;
			buildPhases = (
				65CC5721196FF827001B189F /* Sources */,
				65CC5722196FF827001B189F /* Frameworks */,
				65CC5723196FF827001B189F /* Resources */,
				70C61442D9724946A074A875 /* Warn for TODO and FIXME comments */,
			);
			buildRules = (
			);
			dependencies = (
			);
			name = PopTipDemo;
			productName = PopTipDemo;
			productReference = 65CC5725196FF827001B189F /* PopTipDemo.app */;
			productType = "com.apple.product-type.application";
		};
		65CC5745196FF827001B189F /* PopTipDemoTests */ = {
			isa = PBXNativeTarget;
			buildConfigurationList = 65CC575A196FF827001B189F /* Build configuration list for PBXNativeTarget "PopTipDemoTests" */;
			buildPhases = (
				FB9B1B1D22C14998970C7DCC /* Check Pods Manifest.lock */,
				65CC5742196FF827001B189F /* Sources */,
				65CC5743196FF827001B189F /* Frameworks */,
				65CC5744196FF827001B189F /* Resources */,
				4DD15A1A43534356ADF3B101 /* Copy Pods Resources */,
			);
			buildRules = (
			);
			dependencies = (
				65CC574C196FF827001B189F /* PBXTargetDependency */,
			);
			name = PopTipDemoTests;
			productName = PopTipDemoTests;
			productReference = 65CC5746196FF827001B189F /* PopTipDemoTests.xctest */;
			productType = "com.apple.product-type.bundle.unit-test";
		};
/* End PBXNativeTarget section */

/* Begin PBXProject section */
		65CC571D196FF827001B189F /* Project object */ = {
			isa = PBXProject;
			attributes = {
				CLASSPREFIX = AM;
				LastUpgradeCheck = 0510;
				ORGANIZATIONNAME = "Fancy Pixel";
				TargetAttributes = {
					65CC5745196FF827001B189F = {
						TestTargetID = 65CC5724196FF827001B189F;
					};
				};
			};
			buildConfigurationList = 65CC5720196FF827001B189F /* Build configuration list for PBXProject "PopTipDemo" */;
			compatibilityVersion = "Xcode 3.2";
			developmentRegion = English;
			hasScannedForEncodings = 0;
			knownRegions = (
				en,
				Base,
			);
			mainGroup = 65CC571C196FF827001B189F;
			productRefGroup = 65CC5726196FF827001B189F /* Products */;
			projectDirPath = "";
			projectRoot = "";
			targets = (
				65CC5724196FF827001B189F /* PopTipDemo */,
				65CC5745196FF827001B189F /* PopTipDemoTests */,
			);
		};
/* End PBXProject section */

/* Begin PBXResourcesBuildPhase section */
		65CC5723196FF827001B189F /* Resources */ = {
			isa = PBXResourcesBuildPhase;
			buildActionMask = 2147483647;
			files = (
				65CC5741196FF827001B189F /* Images.xcassets in Resources */,
				65B37B8C1A16099F00C46D11 /* Launch Screen.xib in Resources */,
				65CC5733196FF827001B189F /* InfoPlist.strings in Resources */,
				65CC573C196FF827001B189F /* Main.storyboard in Resources */,
			);
			runOnlyForDeploymentPostprocessing = 0;
		};
		65CC5744196FF827001B189F /* Resources */ = {
			isa = PBXResourcesBuildPhase;
			buildActionMask = 2147483647;
			files = (
				65CC5752196FF827001B189F /* InfoPlist.strings in Resources */,
			);
			runOnlyForDeploymentPostprocessing = 0;
		};
/* End PBXResourcesBuildPhase section */

/* Begin PBXShellScriptBuildPhase section */
		4DD15A1A43534356ADF3B101 /* Copy Pods Resources */ = {
			isa = PBXShellScriptBuildPhase;
			buildActionMask = 2147483647;
			files = (
			);
			inputPaths = (
			);
			name = "Copy Pods Resources";
			outputPaths = (
			);
			runOnlyForDeploymentPostprocessing = 0;
			shellPath = /bin/sh;
			shellScript = "\"${SRCROOT}/Pods/Target Support Files/Pods-PopTipDemoTests/Pods-PopTipDemoTests-resources.sh\"\n";
			showEnvVarsInLog = 0;
		};
		70C61442D9724946A074A875 /* Warn for TODO and FIXME comments */ = {
			isa = PBXShellScriptBuildPhase;
			buildActionMask = 2147483647;
			files = (
			);
			inputPaths = (
			);
			name = "Warn for TODO and FIXME comments";
			outputPaths = (
			);
			runOnlyForDeploymentPostprocessing = 0;
			shellPath = /bin/sh;
			shellScript = "KEYWORDS=\"TODO:|FIXME:|\\?\\?\\?:|\\!\\!\\!:\"\nFILE_EXTENSIONS=\"h|m|mm|c|cpp\"\nfind -E \"${SRCROOT}\" -ipath \"${SRCROOT}/pods\" -prune -o \\( -regex \".*\\.($FILE_EXTENSIONS)$\" \\) -print0 | xargs -0 egrep --with-filename --line-number --only-matching \"($KEYWORDS).*\\$\" | perl -p -e \"s/($KEYWORDS)/ warning: \\$1/\"\n";
		};
		FB9B1B1D22C14998970C7DCC /* Check Pods Manifest.lock */ = {
			isa = PBXShellScriptBuildPhase;
			buildActionMask = 2147483647;
			files = (
			);
			inputPaths = (
			);
			name = "Check Pods Manifest.lock";
			outputPaths = (
			);
			runOnlyForDeploymentPostprocessing = 0;
			shellPath = /bin/sh;
			shellScript = "diff \"${PODS_ROOT}/../Podfile.lock\" \"${PODS_ROOT}/Manifest.lock\" > /dev/null\nif [[ $? != 0 ]] ; then\n    cat << EOM\nerror: The sandbox is not in sync with the Podfile.lock. Run 'pod install' or update your CocoaPods installation.\nEOM\n    exit 1\nfi\n";
			showEnvVarsInLog = 0;
		};
/* End PBXShellScriptBuildPhase section */

/* Begin PBXSourcesBuildPhase section */
		65CC5721196FF827001B189F /* Sources */ = {
			isa = PBXSourcesBuildPhase;
			buildActionMask = 2147483647;
			files = (
				6512C8061B28CD1C002C9553 /* AMPopTip+Entrance.m in Sources */,
				65CC5739196FF827001B189F /* AMAppDelegate.m in Sources */,
				65CC573F196FF827001B189F /* AMViewController.m in Sources */,
				65CC5735196FF827001B189F /* main.m in Sources */,
				6512C8051B28CD1C002C9553 /* AMPopTip+Draw.m in Sources */,
				6512C8041B28CD1C002C9553 /* AMPopTip+Animation.m in Sources */,
				6512C8031B28CD1C002C9553 /* AMPopTip.m in Sources */,
			);
			runOnlyForDeploymentPostprocessing = 0;
		};
		65CC5742196FF827001B189F /* Sources */ = {
			isa = PBXSourcesBuildPhase;
			buildActionMask = 2147483647;
			files = (
				65CC5754196FF827001B189F /* PopTipDemoTests.m in Sources */,
			);
			runOnlyForDeploymentPostprocessing = 0;
		};
/* End PBXSourcesBuildPhase section */

/* Begin PBXTargetDependency section */
		65CC574C196FF827001B189F /* PBXTargetDependency */ = {
			isa = PBXTargetDependency;
			target = 65CC5724196FF827001B189F /* PopTipDemo */;
			targetProxy = 65CC574B196FF827001B189F /* PBXContainerItemProxy */;
		};
/* End PBXTargetDependency section */

/* Begin PBXVariantGroup section */
		65CC5731196FF827001B189F /* InfoPlist.strings */ = {
			isa = PBXVariantGroup;
			children = (
				65CC5732196FF827001B189F /* en */,
			);
			name = InfoPlist.strings;
			sourceTree = "<group>";
		};
		65CC573A196FF827001B189F /* Main.storyboard */ = {
			isa = PBXVariantGroup;
			children = (
				65CC573B196FF827001B189F /* Base */,
			);
			name = Main.storyboard;
			sourceTree = "<group>";
		};
		65CC5750196FF827001B189F /* InfoPlist.strings */ = {
			isa = PBXVariantGroup;
			children = (
				65CC5751196FF827001B189F /* en */,
			);
			name = InfoPlist.strings;
			sourceTree = "<group>";
		};
/* End PBXVariantGroup section */

/* Begin XCBuildConfiguration section */
		65CC5755196FF827001B189F /* Debug */ = {
			isa = XCBuildConfiguration;
			buildSettings = {
				ALWAYS_SEARCH_USER_PATHS = NO;
				CLANG_CXX_LANGUAGE_STANDARD = "gnu++0x";
				CLANG_CXX_LIBRARY = "libc++";
				CLANG_ENABLE_MODULES = YES;
				CLANG_ENABLE_OBJC_ARC = YES;
				CLANG_WARN_BOOL_CONVERSION = YES;
				CLANG_WARN_CONSTANT_CONVERSION = YES;
				CLANG_WARN_DEPRECATED_OBJC_IMPLEMENTATIONS = YES;
				CLANG_WARN_DIRECT_OBJC_ISA_USAGE = YES_ERROR;
				CLANG_WARN_EMPTY_BODY = YES;
				CLANG_WARN_ENUM_CONVERSION = YES;
				CLANG_WARN_INT_CONVERSION = YES;
				CLANG_WARN_OBJC_IMPLICIT_RETAIN_SELF = YES;
				CLANG_WARN_OBJC_ROOT_CLASS = YES_ERROR;
				CLANG_WARN__DUPLICATE_METHOD_MATCH = YES;
				"CODE_SIGN_IDENTITY[sdk=iphoneos*]" = "iPhone Developer";
				COPY_PHASE_STRIP = NO;
				GCC_C_LANGUAGE_STANDARD = gnu99;
				GCC_DYNAMIC_NO_PIC = NO;
				GCC_GENERATE_TEST_COVERAGE_FILES = YES;
				GCC_INSTRUMENT_PROGRAM_FLOW_ARCS = YES;
				GCC_OPTIMIZATION_LEVEL = 0;
				GCC_PREPROCESSOR_DEFINITIONS = (
					"DEBUG=1",
					"$(inherited)",
				);
				GCC_SYMBOLS_PRIVATE_EXTERN = NO;
				GCC_WARN_64_TO_32_BIT_CONVERSION = YES;
				GCC_WARN_ABOUT_MISSING_FIELD_INITIALIZERS = YES;
				GCC_WARN_ABOUT_MISSING_NEWLINE = YES;
				GCC_WARN_ABOUT_RETURN_TYPE = YES;
				GCC_WARN_CHECK_SWITCH_STATEMENTS = YES;
				GCC_WARN_INITIALIZER_NOT_FULLY_BRACKETED = YES;
				GCC_WARN_MISSING_PARENTHESES = YES;
				GCC_WARN_SHADOW = YES;
				GCC_WARN_SIGN_COMPARE = YES;
				GCC_WARN_TYPECHECK_CALLS_TO_PRINTF = YES;
				GCC_WARN_UNDECLARED_SELECTOR = YES;
				GCC_WARN_UNINITIALIZED_AUTOS = YES_AGGRESSIVE;
				GCC_WARN_UNUSED_FUNCTION = YES;
				GCC_WARN_UNUSED_LABEL = YES;
				GCC_WARN_UNUSED_VALUE = YES;
				GCC_WARN_UNUSED_VARIABLE = YES;
				IPHONEOS_DEPLOYMENT_TARGET = 7.1;
				ONLY_ACTIVE_ARCH = YES;
				RUN_CLANG_STATIC_ANALYZER = YES;
				SDKROOT = iphoneos;
			};
			name = Debug;
		};
		65CC5756196FF827001B189F /* Release */ = {
			isa = XCBuildConfiguration;
			buildSettings = {
				ALWAYS_SEARCH_USER_PATHS = NO;
				CLANG_CXX_LANGUAGE_STANDARD = "gnu++0x";
				CLANG_CXX_LIBRARY = "libc++";
				CLANG_ENABLE_MODULES = YES;
				CLANG_ENABLE_OBJC_ARC = YES;
				CLANG_WARN_BOOL_CONVERSION = YES;
				CLANG_WARN_CONSTANT_CONVERSION = YES;
				CLANG_WARN_DEPRECATED_OBJC_IMPLEMENTATIONS = YES;
				CLANG_WARN_DIRECT_OBJC_ISA_USAGE = YES_ERROR;
				CLANG_WARN_EMPTY_BODY = YES;
				CLANG_WARN_ENUM_CONVERSION = YES;
				CLANG_WARN_INT_CONVERSION = YES;
				CLANG_WARN_OBJC_IMPLICIT_RETAIN_SELF = YES;
				CLANG_WARN_OBJC_ROOT_CLASS = YES_ERROR;
				CLANG_WARN__DUPLICATE_METHOD_MATCH = YES;
				"CODE_SIGN_IDENTITY[sdk=iphoneos*]" = "iPhone Developer";
				COPY_PHASE_STRIP = YES;
				ENABLE_NS_ASSERTIONS = NO;
				GCC_C_LANGUAGE_STANDARD = gnu99;
				GCC_GENERATE_TEST_COVERAGE_FILES = YES;
				GCC_INSTRUMENT_PROGRAM_FLOW_ARCS = YES;
				GCC_WARN_64_TO_32_BIT_CONVERSION = YES;
				GCC_WARN_ABOUT_MISSING_FIELD_INITIALIZERS = YES;
				GCC_WARN_ABOUT_MISSING_NEWLINE = YES;
				GCC_WARN_ABOUT_RETURN_TYPE = YES;
				GCC_WARN_CHECK_SWITCH_STATEMENTS = YES;
				GCC_WARN_INITIALIZER_NOT_FULLY_BRACKETED = YES;
				GCC_WARN_MISSING_PARENTHESES = YES;
				GCC_WARN_SHADOW = YES;
				GCC_WARN_SIGN_COMPARE = YES;
				GCC_WARN_TYPECHECK_CALLS_TO_PRINTF = YES;
				GCC_WARN_UNDECLARED_SELECTOR = YES;
				GCC_WARN_UNINITIALIZED_AUTOS = YES_AGGRESSIVE;
				GCC_WARN_UNUSED_FUNCTION = YES;
				GCC_WARN_UNUSED_LABEL = YES;
				GCC_WARN_UNUSED_VALUE = YES;
				GCC_WARN_UNUSED_VARIABLE = YES;
				IPHONEOS_DEPLOYMENT_TARGET = 7.1;
				RUN_CLANG_STATIC_ANALYZER = YES;
				SDKROOT = iphoneos;
				VALIDATE_PRODUCT = YES;
			};
			name = Release;
		};
		65CC5758196FF827001B189F /* Debug */ = {
			isa = XCBuildConfiguration;
			buildSettings = {
				ASSETCATALOG_COMPILER_APPICON_NAME = AppIcon;
				ASSETCATALOG_COMPILER_LAUNCHIMAGE_NAME = LaunchImage;
				GCC_PRECOMPILE_PREFIX_HEADER = YES;
				GCC_PREFIX_HEADER = "PopTipDemo/PopTipDemo-Prefix.pch";
				INFOPLIST_FILE = "PopTipDemo/PopTipDemo-Info.plist";
				PRODUCT_NAME = "$(TARGET_NAME)";
				WRAPPER_EXTENSION = app;
			};
			name = Debug;
		};
		65CC5759196FF827001B189F /* Release */ = {
			isa = XCBuildConfiguration;
			buildSettings = {
				ASSETCATALOG_COMPILER_APPICON_NAME = AppIcon;
				ASSETCATALOG_COMPILER_LAUNCHIMAGE_NAME = LaunchImage;
				GCC_PRECOMPILE_PREFIX_HEADER = YES;
				GCC_PREFIX_HEADER = "PopTipDemo/PopTipDemo-Prefix.pch";
				INFOPLIST_FILE = "PopTipDemo/PopTipDemo-Info.plist";
				PRODUCT_NAME = "$(TARGET_NAME)";
				WRAPPER_EXTENSION = app;
			};
			name = Release;
		};
		65CC575B196FF827001B189F /* Debug */ = {
			isa = XCBuildConfiguration;
			baseConfigurationReference = 59550C8E7F4B0B2D105644A6 /* Pods-PopTipDemoTests.debug.xcconfig */;
			buildSettings = {
				BUNDLE_LOADER = "$(BUILT_PRODUCTS_DIR)/PopTipDemo.app/PopTipDemo";
				FRAMEWORK_SEARCH_PATHS = (
					"$(SDKROOT)/Developer/Library/Frameworks",
					"$(inherited)",
					"$(DEVELOPER_FRAMEWORKS_DIR)",
				);
				GCC_PRECOMPILE_PREFIX_HEADER = YES;
				GCC_PREFIX_HEADER = "PopTipDemo/PopTipDemo-Prefix.pch";
				GCC_PREPROCESSOR_DEFINITIONS = (
					"DEBUG=1",
					"$(inherited)",
					"FB_REFERENCE_IMAGE_DIR=\"\\\"$(SOURCE_ROOT)/$(PROJECT_NAME)Tests/ReferenceImages\\\"\"",
				);
				INFOPLIST_FILE = "PopTipDemoTests/PopTipDemoTests-Info.plist";
				PRODUCT_NAME = "$(TARGET_NAME)";
				TEST_HOST = "$(BUNDLE_LOADER)";
				WRAPPER_EXTENSION = xctest;
			};
			name = Debug;
		};
		65CC575C196FF827001B189F /* Release */ = {
			isa = XCBuildConfiguration;
			baseConfigurationReference = 5C04DF571D8C15017CCBC289 /* Pods-PopTipDemoTests.release.xcconfig */;
			buildSettings = {
				BUNDLE_LOADER = "$(BUILT_PRODUCTS_DIR)/PopTipDemo.app/PopTipDemo";
				FRAMEWORK_SEARCH_PATHS = (
					"$(SDKROOT)/Developer/Library/Frameworks",
					"$(inherited)",
					"$(DEVELOPER_FRAMEWORKS_DIR)",
				);
				GCC_PRECOMPILE_PREFIX_HEADER = YES;
				GCC_PREFIX_HEADER = "PopTipDemo/PopTipDemo-Prefix.pch";
				INFOPLIST_FILE = "PopTipDemoTests/PopTipDemoTests-Info.plist";
				PRODUCT_NAME = "$(TARGET_NAME)";
				TEST_HOST = "$(BUNDLE_LOADER)";
				WRAPPER_EXTENSION = xctest;
			};
			name = Release;
		};
/* End XCBuildConfiguration section */

/* Begin XCConfigurationList section */
		65CC5720196FF827001B189F /* Build configuration list for PBXProject "PopTipDemo" */ = {
			isa = XCConfigurationList;
			buildConfigurations = (
				65CC5755196FF827001B189F /* Debug */,
				65CC5756196FF827001B189F /* Release */,
			);
			defaultConfigurationIsVisible = 0;
			defaultConfigurationName = Release;
		};
		65CC5757196FF827001B189F /* Build configuration list for PBXNativeTarget "PopTipDemo" */ = {
			isa = XCConfigurationList;
			buildConfigurations = (
				65CC5758196FF827001B189F /* Debug */,
				65CC5759196FF827001B189F /* Release */,
			);
			defaultConfigurationIsVisible = 0;
			defaultConfigurationName = Release;
		};
		65CC575A196FF827001B189F /* Build configuration list for PBXNativeTarget "PopTipDemoTests" */ = {
			isa = XCConfigurationList;
			buildConfigurations = (
				65CC575B196FF827001B189F /* Debug */,
				65CC575C196FF827001B189F /* Release */,
			);
			defaultConfigurationIsVisible = 0;
			defaultConfigurationName = Release;
		};
/* End XCConfigurationList section */
	};
	rootObject = 65CC571D196FF827001B189F /* Project object */;
}
