// !$*UTF8*$!
{
	archiveVersion = 1;
	classes = {
	};
	objectVersion = 46;
	objects = {

/* Begin PBXBuildFile section */
		6512C8171B28CEB4002C9553 /* AMPopTip.h in Headers */ = {isa = PBXBuildFile; fileRef = 6512C8161B28CEB4002C9553 /* AMPopTip.h */; };
		65DCC3691B28CF750007B691 /* AMPopTip.h in Headers */ = {isa = PBXBuildFile; fileRef = 65DCC3601B28CF750007B691 /* AMPopTip.h */; settings = {ATTRIBUTES = (Public, ); }; };
		65DCC36A1B28CF750007B691 /* AMPopTip.m in Sources */ = {isa = PBXBuildFile; fileRef = 65DCC3611B28CF750007B691 /* AMPopTip.m */; };
		65DCC36B1B28CF750007B691 /* AMPopTip+Animation.h in Headers */ = {isa = PBXBuildFile; fileRef = 65DCC3621B28CF750007B691 /* AMPopTip+Animation.h */; };
		65DCC36C1B28CF750007B691 /* AMPopTip+Animation.m in Sources */ = {isa = PBXBuildFile; fileRef = 65DCC3631B28CF750007B691 /* AMPopTip+Animation.m */; };
		65DCC36D1B28CF750007B691 /* AMPopTip+Draw.h in Headers */ = {isa = PBXBuildFile; fileRef = 65DCC3641B28CF750007B691 /* AMPopTip+Draw.h */; };
		65DCC36E1B28CF750007B691 /* AMPopTip+Draw.m in Sources */ = {isa = PBXBuildFile; fileRef = 65DCC3651B28CF750007B691 /* AMPopTip+Draw.m */; };
		65DCC36F1B28CF750007B691 /* AMPopTip+Entrance.h in Headers */ = {isa = PBXBuildFile; fileRef = 65DCC3661B28CF750007B691 /* AMPopTip+Entrance.h */; };
		65DCC3701B28CF750007B691 /* AMPopTip+Entrance.m in Sources */ = {isa = PBXBuildFile; fileRef = 65DCC3671B28CF750007B691 /* AMPopTip+Entrance.m */; };
		65DCC3711B28CF750007B691 /* AMPopTipDefaults.h in Headers */ = {isa = PBXBuildFile; fileRef = 65DCC3681B28CF750007B691 /* AMPopTipDefaults.h */; };
/* End PBXBuildFile section */

/* Begin PBXFileReference section */
		6512C8111B28CEB4002C9553 /* AMPopTip.framework */ = {isa = PBXFileReference; explicitFileType = wrapper.framework; includeInIndex = 0; path = AMPopTip.framework; sourceTree = BUILT_PRODUCTS_DIR; };
		6512C8151B28CEB4002C9553 /* Info.plist */ = {isa = PBXFileReference; lastKnownFileType = text.plist.xml; path = Info.plist; sourceTree = "<group>"; };
		6512C8161B28CEB4002C9553 /* AMPopTip.h */ = {isa = PBXFileReference; lastKnownFileType = sourcecode.c.h; path = AMPopTip.h; sourceTree = "<group>"; };
		65DCC3601B28CF750007B691 /* AMPopTip.h */ = {isa = PBXFileReference; fileEncoding = 4; lastKnownFileType = sourcecode.c.h; name = AMPopTip.h; path = Source/AMPopTip.h; sourceTree = SOURCE_ROOT; };
		65DCC3611B28CF750007B691 /* AMPopTip.m */ = {isa = PBXFileReference; fileEncoding = 4; lastKnownFileType = sourcecode.c.objc; name = AMPopTip.m; path = Source/AMPopTip.m; sourceTree = SOURCE_ROOT; };
		65DCC3621B28CF750007B691 /* AMPopTip+Animation.h */ = {isa = PBXFileReference; fileEncoding = 4; lastKnownFileType = sourcecode.c.h; name = "AMPopTip+Animation.h"; path = "Source/AMPopTip+Animation.h"; sourceTree = SOURCE_ROOT; };
		65DCC3631B28CF750007B691 /* AMPopTip+Animation.m */ = {isa = PBXFileReference; fileEncoding = 4; lastKnownFileType = sourcecode.c.objc; name = "AMPopTip+Animation.m"; path = "Source/AMPopTip+Animation.m"; sourceTree = SOURCE_ROOT; };
		65DCC3641B28CF750007B691 /* AMPopTip+Draw.h */ = {isa = PBXFileReference; fileEncoding = 4; lastKnownFileType = sourcecode.c.h; name = "AMPopTip+Draw.h"; path = "Source/AMPopTip+Draw.h"; sourceTree = SOURCE_ROOT; };
		65DCC3651B28CF750007B691 /* AMPopTip+Draw.m */ = {isa = PBXFileReference; fileEncoding = 4; lastKnownFileType = sourcecode.c.objc; name = "AMPopTip+Draw.m"; path = "Source/AMPopTip+Draw.m"; sourceTree = SOURCE_ROOT; };
		65DCC3661B28CF750007B691 /* AMPopTip+Entrance.h */ = {isa = PBXFileReference; fileEncoding = 4; lastKnownFileType = sourcecode.c.h; name = "AMPopTip+Entrance.h"; path = "Source/AMPopTip+Entrance.h"; sourceTree = SOURCE_ROOT; };
		65DCC3671B28CF750007B691 /* AMPopTip+Entrance.m */ = {isa = PBXFileReference; fileEncoding = 4; lastKnownFileType = sourcecode.c.objc; name = "AMPopTip+Entrance.m"; path = "Source/AMPopTip+Entrance.m"; sourceTree = SOURCE_ROOT; };
		65DCC3681B28CF750007B691 /* AMPopTipDefaults.h */ = {isa = PBXFileReference; fileEncoding = 4; lastKnownFileType = sourcecode.c.h; name = AMPopTipDefaults.h; path = Source/AMPopTipDefaults.h; sourceTree = SOURCE_ROOT; };
/* End PBXFileReference section */

/* Begin PBXFrameworksBuildPhase section */
		6512C80D1B28CEB4002C9553 /* Frameworks */ = {
			isa = PBXFrameworksBuildPhase;
			buildActionMask = 2147483647;
			files = (
			);
			runOnlyForDeploymentPostprocessing = 0;
		};
/* End PBXFrameworksBuildPhase section */

/* Begin PBXGroup section */
		6512C8071B28CEB4002C9553 = {
			isa = PBXGroup;
			children = (
				6512C8131B28CEB4002C9553 /* AMPopTip */,
				6512C8121B28CEB4002C9553 /* Products */,
			);
			sourceTree = "<group>";
		};
		6512C8121B28CEB4002C9553 /* Products */ = {
			isa = PBXGroup;
			children = (
				6512C8111B28CEB4002C9553 /* AMPopTip.framework */,
			);
			name = Products;
			sourceTree = "<group>";
		};
		6512C8131B28CEB4002C9553 /* AMPopTip */ = {
			isa = PBXGroup;
			children = (
				656AE2451B2C7BF40014E733 /* AMPopTip */,
				6512C8161B28CEB4002C9553 /* AMPopTip.h */,
				6512C8141B28CEB4002C9553 /* Supporting Files */,
			);
			path = AMPopTip;
			sourceTree = "<group>";
		};
		6512C8141B28CEB4002C9553 /* Supporting Files */ = {
			isa = PBXGroup;
			children = (
				6512C8151B28CEB4002C9553 /* Info.plist */,
			);
			name = "Supporting Files";
			sourceTree = "<group>";
		};
		656AE2451B2C7BF40014E733 /* AMPopTip */ = {
			isa = PBXGroup;
			children = (
				65DCC3601B28CF750007B691 /* AMPopTip.h */,
				65DCC3611B28CF750007B691 /* AMPopTip.m */,
				65DCC3621B28CF750007B691 /* AMPopTip+Animation.h */,
				65DCC3631B28CF750007B691 /* AMPopTip+Animation.m */,
				65DCC3641B28CF750007B691 /* AMPopTip+Draw.h */,
				65DCC3651B28CF750007B691 /* AMPopTip+Draw.m */,
				65DCC3661B28CF750007B691 /* AMPopTip+Entrance.h */,
				65DCC3671B28CF750007B691 /* AMPopTip+Entrance.m */,
				65DCC3681B28CF750007B691 /* AMPopTipDefaults.h */,
			);
			name = AMPopTip;
			sourceTree = "<group>";
		};
/* End PBXGroup section */

/* Begin PBXHeadersBuildPhase section */
		6512C80E1B28CEB4002C9553 /* Headers */ = {
			isa = PBXHeadersBuildPhase;
			buildActionMask = 2147483647;
			files = (
				65DCC36F1B28CF750007B691 /* AMPopTip+Entrance.h in Headers */,
				65DCC3691B28CF750007B691 /* AMPopTip.h in Headers */,
				6512C8171B28CEB4002C9553 /* AMPopTip.h in Headers */,
				65DCC36D1B28CF750007B691 /* AMPopTip+Draw.h in Headers */,
				65DCC3711B28CF750007B691 /* AMPopTipDefaults.h in Headers */,
				65DCC36B1B28CF750007B691 /* AMPopTip+Animation.h in Headers */,
			);
			runOnlyForDeploymentPostprocessing = 0;
		};
/* End PBXHeadersBuildPhase section */

/* Begin PBXNativeTarget section */
		6512C8101B28CEB4002C9553 /* AMPopTip */ = {
			isa = PBXNativeTarget;
			buildConfigurationList = 6512C8271B28CEB4002C9553 /* Build configuration list for PBXNativeTarget "AMPopTip" */;
			buildPhases = (
				6512C80C1B28CEB4002C9553 /* Sources */,
				6512C80D1B28CEB4002C9553 /* Frameworks */,
				6512C80E1B28CEB4002C9553 /* Headers */,
				6512C80F1B28CEB4002C9553 /* Resources */,
			);
			buildRules = (
			);
			dependencies = (
			);
			name = AMPopTip;
			productName = AMPopTip;
			productReference = 6512C8111B28CEB4002C9553 /* AMPopTip.framework */;
			productType = "com.apple.product-type.framework";
		};
/* End PBXNativeTarget section */

/* Begin PBXProject section */
		6512C8081B28CEB4002C9553 /* Project object */ = {
			isa = PBXProject;
			attributes = {
				LastUpgradeCheck = 0630;
				ORGANIZATIONNAME = "Fancy Pixel";
				TargetAttributes = {
					6512C8101B28CEB4002C9553 = {
						CreatedOnToolsVersion = 6.3.2;
					};
				};
			};
			buildConfigurationList = 6512C80B1B28CEB4002C9553 /* Build configuration list for PBXProject "AMPopTip" */;
			compatibilityVersion = "Xcode 3.2";
			developmentRegion = English;
			hasScannedForEncodings = 0;
			knownRegions = (
				en,
			);
			mainGroup = 6512C8071B28CEB4002C9553;
			productRefGroup = 6512C8121B28CEB4002C9553 /* Products */;
			projectDirPath = "";
			projectRoot = "";
			targets = (
				6512C8101B28CEB4002C9553 /* AMPopTip */,
			);
		};
/* End PBXProject section */

/* Begin PBXResourcesBuildPhase section */
		6512C80F1B28CEB4002C9553 /* Resources */ = {
			isa = PBXResourcesBuildPhase;
			buildActionMask = 2147483647;
			files = (
			);
			runOnlyForDeploymentPostprocessing = 0;
		};
/* End PBXResourcesBuildPhase section */

/* Begin PBXSourcesBuildPhase section */
		6512C80C1B28CEB4002C9553 /* Sources */ = {
			isa = PBXSourcesBuildPhase;
			buildActionMask = 2147483647;
			files = (
				65DCC36E1B28CF750007B691 /* AMPopTip+Draw.m in Sources */,
				65DCC36C1B28CF750007B691 /* AMPopTip+Animation.m in Sources */,
				65DCC36A1B28CF750007B691 /* AMPopTip.m in Sources */,
				65DCC3701B28CF750007B691 /* AMPopTip+Entrance.m in Sources */,
			);
			runOnlyForDeploymentPostprocessing = 0;
		};
/* End PBXSourcesBuildPhase section */

/* Begin XCBuildConfiguration section */
		6512C8251B28CEB4002C9553 /* Debug */ = {
			isa = XCBuildConfiguration;
			buildSettings = {
				ALWAYS_SEARCH_USER_PATHS = NO;
				CLANG_CXX_LANGUAGE_STANDARD = "gnu++0x";
				CLANG_CXX_LIBRARY = "libc++";
				CLANG_ENABLE_MODULES = YES;
				CLANG_ENABLE_OBJC_ARC = YES;
				CLANG_WARN_BOOL_CONVERSION = YES;
				CLANG_WARN_CONSTANT_CONVERSION = YES;
				CLANG_WARN_DIRECT_OBJC_ISA_USAGE = YES_ERROR;
				CLANG_WARN_EMPTY_BODY = YES;
				CLANG_WARN_ENUM_CONVERSION = YES;
				CLANG_WARN_INT_CONVERSION = YES;
				CLANG_WARN_OBJC_ROOT_CLASS = YES_ERROR;
				CLANG_WARN_UNREACHABLE_CODE = YES;
				CLANG_WARN__DUPLICATE_METHOD_MATCH = YES;
				"CODE_SIGN_IDENTITY[sdk=iphoneos*]" = "iPhone Developer";
				COPY_PHASE_STRIP = NO;
				CURRENT_PROJECT_VERSION = 1;
				DEBUG_INFORMATION_FORMAT = "dwarf-with-dsym";
				ENABLE_STRICT_OBJC_MSGSEND = YES;
				GCC_C_LANGUAGE_STANDARD = gnu99;
				GCC_DYNAMIC_NO_PIC = NO;
				GCC_NO_COMMON_BLOCKS = YES;
				GCC_OPTIMIZATION_LEVEL = 0;
				GCC_PREPROCESSOR_DEFINITIONS = (
					"DEBUG=1",
					"$(inherited)",
				);
				GCC_SYMBOLS_PRIVATE_EXTERN = NO;
				GCC_WARN_64_TO_32_BIT_CONVERSION = YES;
				GCC_WARN_ABOUT_RETURN_TYPE = YES_ERROR;
				GCC_WARN_UNDECLARED_SELECTOR = YES;
				GCC_WARN_UNINITIALIZED_AUTOS = YES_AGGRESSIVE;
				GCC_WARN_UNUSED_FUNCTION = YES;
				GCC_WARN_UNUSED_VARIABLE = YES;
				IPHONEOS_DEPLOYMENT_TARGET = 8.3;
				MTL_ENABLE_DEBUG_INFO = YES;
				ONLY_ACTIVE_ARCH = YES;
				SDKROOT = iphoneos;
				TARGETED_DEVICE_FAMILY = "1,2";
				VERSIONING_SYSTEM = "apple-generic";
				VERSION_INFO_PREFIX = "";
			};
			name = Debug;
		};
		6512C8261B28CEB4002C9553 /* Release */ = {
			isa = XCBuildConfiguration;
			buildSettings = {
				ALWAYS_SEARCH_USER_PATHS = NO;
				CLANG_CXX_LANGUAGE_STANDARD = "gnu++0x";
				CLANG_CXX_LIBRARY = "libc++";
				CLANG_ENABLE_MODULES = YES;
				CLANG_ENABLE_OBJC_ARC = YES;
				CLANG_WARN_BOOL_CONVERSION = YES;
				CLANG_WARN_CONSTANT_CONVERSION = YES;
				CLANG_WARN_DIRECT_OBJC_ISA_USAGE = YES_ERROR;
				CLANG_WARN_EMPTY_BODY = YES;
				CLANG_WARN_ENUM_CONVERSION = YES;
				CLANG_WARN_INT_CONVERSION = YES;
				CLANG_WARN_OBJC_ROOT_CLASS = YES_ERROR;
				CLANG_WARN_UNREACHABLE_CODE = YES;
				CLANG_WARN__DUPLICATE_METHOD_MATCH = YES;
				"CODE_SIGN_IDENTITY[sdk=iphoneos*]" = "iPhone Developer";
				COPY_PHASE_STRIP = NO;
				CURRENT_PROJECT_VERSION = 1;
				DEBUG_INFORMATION_FORMAT = "dwarf-with-dsym";
				ENABLE_NS_ASSERTIONS = NO;
				ENABLE_STRICT_OBJC_MSGSEND = YES;
				GCC_C_LANGUAGE_STANDARD = gnu99;
				GCC_NO_COMMON_BLOCKS = YES;
				GCC_WARN_64_TO_32_BIT_CONVERSION = YES;
				GCC_WARN_ABOUT_RETURN_TYPE = YES_ERROR;
				GCC_WARN_UNDECLARED_SELECTOR = YES;
				GCC_WARN_UNINITIALIZED_AUTOS = YES_AGGRESSIVE;
				GCC_WARN_UNUSED_FUNCTION = YES;
				GCC_WARN_UNUSED_VARIABLE = YES;
				IPHONEOS_DEPLOYMENT_TARGET = 8.3;
				MTL_ENABLE_DEBUG_INFO = NO;
				SDKROOT = iphoneos;
				TARGETED_DEVICE_FAMILY = "1,2";
				VALIDATE_PRODUCT = YES;
				VERSIONING_SYSTEM = "apple-generic";
				VERSION_INFO_PREFIX = "";
			};
			name = Release;
		};
		6512C8281B28CEB4002C9553 /* Debug */ = {
			isa = XCBuildConfiguration;
			buildSettings = {
				DEFINES_MODULE = YES;
				DYLIB_COMPATIBILITY_VERSION = 1;
				DYLIB_CURRENT_VERSION = 1;
				DYLIB_INSTALL_NAME_BASE = "@rpath";
				INFOPLIST_FILE = AMPopTip/Info.plist;
				INSTALL_PATH = "$(LOCAL_LIBRARY_DIR)/Frameworks";
				LD_RUNPATH_SEARCH_PATHS = "$(inherited) @executable_path/Frameworks @loader_path/Frameworks";
				PRODUCT_NAME = "$(TARGET_NAME)";
				SKIP_INSTALL = YES;
			};
			name = Debug;
		};
		6512C8291B28CEB4002C9553 /* Release */ = {
			isa = XCBuildConfiguration;
			buildSettings = {
				DEFINES_MODULE = YES;
				DYLIB_COMPATIBILITY_VERSION = 1;
				DYLIB_CURRENT_VERSION = 1;
				DYLIB_INSTALL_NAME_BASE = "@rpath";
				INFOPLIST_FILE = AMPopTip/Info.plist;
				INSTALL_PATH = "$(LOCAL_LIBRARY_DIR)/Frameworks";
				LD_RUNPATH_SEARCH_PATHS = "$(inherited) @executable_path/Frameworks @loader_path/Frameworks";
				PRODUCT_NAME = "$(TARGET_NAME)";
				SKIP_INSTALL = YES;
			};
			name = Release;
		};
/* End XCBuildConfiguration section */

/* Begin XCConfigurationList section */
		6512C80B1B28CEB4002C9553 /* Build configuration list for PBXProject "AMPopTip" */ = {
			isa = XCConfigurationList;
			buildConfigurations = (
				6512C8251B28CEB4002C9553 /* Debug */,
				6512C8261B28CEB4002C9553 /* Release */,
			);
			defaultConfigurationIsVisible = 0;
			defaultConfigurationName = Release;
		};
		6512C8271B28CEB4002C9553 /* Build configuration list for PBXNativeTarget "AMPopTip" */ = {
			isa = XCConfigurationList;
			buildConfigurations = (
				6512C8281B28CEB4002C9553 /* Debug */,
				6512C8291B28CEB4002C9553 /* Release */,
			);
			defaultConfigurationIsVisible = 0;
			defaultConfigurationName = Release;
		};
/* End XCConfigurationList section */
	};
	rootObject = 6512C8081B28CEB4002C9553 /* Project object */;
}
