PODS:
  - Expecta (0.3.1)
  - Expecta+Snapshots (1.3.0):
    - Expecta
    - FBSnapshotTestCase
  - FBSnapshotTestCase (1.4)
  - Specta (0.3.0.beta1)

DEPENDENCIES:
  - Expecta (~> 0.3.1)
  - Expecta+Snapshots (from `https://github.com/andreamazz/ios-snapshot-test-case-expecta.git`)
  - Specta (from `https://github.com/specta/specta.git`, tag `v0.3.0.beta1`)

EXTERNAL SOURCES:
  Expecta+Snapshots:
    :git: https://github.com/andreamazz/ios-snapshot-test-case-expecta.git
  Specta:
    :git: https://github.com/specta/specta.git
    :tag: v0.3.0.beta1

SPEC CHECKSUMS:
  Expecta: 03aabd0a89d8dea843baecb19a7fd7466a69a31d
  Expecta+Snapshots: e7c591a3c0a6a8ce2676e66d36e3698f026aa96d
  FBSnapshotTestCase: f9f225b5ba11c8d8c09075590490df16314e4d62
  Specta: 63e8ac8e07db6675c7096d37f77a266a1be4c02d

COCOAPODS: 0.34.4
