PODS:
  - Expecta (0.3.1)
  - Expecta+Snapshots (1.3.0):
    - Expecta
    - FBSnapshotTestCase
  - FBSnapshotTestCase (1.4)
  - Specta (0.3.0.beta1)

DEPENDENCIES:
  - Expecta (~> 0.3.1)
  - Expecta+Snapshots (from `https://github.com/andreamazz/ios-snapshot-test-case-expecta.git`)
  - Specta (from `https://github.com/specta/specta.git`, tag `v0.3.0.beta1`)

EXTERNAL SOURCES:
  Expecta+Snapshots:
    :git: https://github.com/andreamazz/ios-snapshot-test-case-expecta.git
  Specta:
    :git: https://github.com/specta/specta.git
    :tag: v0.3.0.beta1

CHECKOUT OPTIONS:
  Expecta+Snapshots:
    :commit: 0325d2dd5af16f0823b00afc62e3909d4003e825
    :git: https://github.com/andreamazz/ios-snapshot-test-case-expecta.git

SPEC CHECKSUMS:
  Expecta: a354d4633409dd9fe8c4f5ff5130426adbe31628
  Expecta+Snapshots: 07c3838422fe9107002a8e395739fa60c0d60dff
  FBSnapshotTestCase: 892508495a69e8703bab36c9da7674ff740d41db
  Specta: d2158a483ad179e5f8d3a29f75ff4fc0ff6fab16

COCOAPODS: 0.37.1
