PODS:
  - AMPopTip (3.0.3)
  - FBSnapshotTestCase (2.1.4):
    - FBSnapshotTestCase/SwiftSupport (= 2.1.4)
  - FBSnapshotTestCase/Core (2.1.4)
  - FBSnapshotTestCase/SwiftSupport (2.1.4):
    - FBSnapshotTestCase/Core
  - Nimble (6.1.0)
  - Nimble-Snapshots (4.4.0):
    - Nimble-Snapshots/Core (= 4.4.0)
  - Nimble-Snapshots/Core (4.4.0):
    - FBSnapshotTestCase (~> 2.0)
    - Nimble
    - Quick
  - Quick (1.1.0)

DEPENDENCIES:
  - AMPopTip (from `../`)
  - Nimble (= 6.1.0)
  - Nimble-Snapshots (= 4.4.0)
  - Quick (= 1.1.0)

EXTERNAL SOURCES:
  AMPopTip:
    :path: ../

SPEC CHECKSUMS:
  AMPopTip: 0dd5044323464e267dddb3c91d25468f7a91f3f7
  FBSnapshotTestCase: 094f9f314decbabe373b87cc339bea235a63e07a
  Nimble: c53e6903fee94041b90ded74f135820437d8bf59
  Nimble-Snapshots: e743439f26c2fa99d8f7e0d7c01c99bcb40aa6f2
  Quick: dafc587e21eed9f4cab3249b9f9015b0b7a7f71d

PODFILE CHECKSUM: 68d6239712fba8e0da2721828fdb2901c0ef7977

COCOAPODS: 1.3.1
