PODS:
  - AMPopTip (4.12.0)
  - iOSSnapshotTestCase (8.0.0):
    - iOSSnapshotTestCase/SwiftSupport (= 8.0.0)
  - iOSSnapshotTestCase/Core (8.0.0)
  - iOSSnapshotTestCase/SwiftSupport (8.0.0):
    - iOSSnapshotTestCase/Core
  - Nimble (12.3.0)
  - Nimble-Snapshots (9.6.1):
    - Nimble-Snapshots/Core (= 9.6.1)
  - Nimble-Snapshots/Core (9.6.1):
    - iOSSnapshotTestCase (~> 8.0)
    - Nimble (~> 12.0)
  - Quick (7.3.0)

DEPENDENCIES:
  - AMPopTip (from `../`)
  - Nimble
  - Nimble-Snapshots
  - Quick

SPEC REPOS:
  trunk:
    - iOSSnapshotTestCase
    - Nimble
    - Nimble-Snapshots
    - Quick

EXTERNAL SOURCES:
  AMPopTip:
    :path: "../"

SPEC CHECKSUMS:
  AMPopTip: cf89d8690aa6e59ddc86bf46c0ccabb3e7d148a1
  iOSSnapshotTestCase: a670511f9ee3829c2b9c23e6e68f315fd7b6790f
  Nimble: f8a8219d16f176429b951e8f7e72df5c23ceddc0
  Nimble-Snapshots: 4988d1cf2fe062f13bd2eb87c4279770785e682b
  Quick: d32871931c05547cb4e0bc9009d66a18b50d8558

PODFILE CHECKSUM: 2f85a7ad156d269228bc0823d025d8939e9852d2

COCOAPODS: 1.14.2
